
Microsoft Visual Studio Solution File, Format Version 12.00
# Visual Studio Version 17
VisualStudioVersion = 17.13.35931.197
MinimumVisualStudioVersion = 10.0.40219.1
Project("{FAE04EC0-301F-11D3-BF4B-00C04F79EFBC}") = "Lr3", "Lr3\Lr3.csproj", "{B6F59A46-E622-4A72-93C1-99E3182FE860}"
EndProject
Project("{FAE04EC0-301F-11D3-BF4B-00C04F79EFBC}") = "Tests", "Tests\Tests.csproj", "{95257B6E-E8FE-48CE-97CF-ABEF981BF8F6}"
EndProject
Global
	GlobalSection(SolutionConfigurationPlatforms) = preSolution
		Debug|Any CPU = Debug|Any CPU
		Release|Any CPU = Release|Any CPU
	EndGlobalSection
	GlobalSection(ProjectConfigurationPlatforms) = postSolution
		{B6F59A46-E622-4A72-93C1-99E3182FE860}.Debug|Any CPU.ActiveCfg = Debug|Any CPU
		{B6F59A46-E622-4A72-93C1-99E3182FE860}.Debug|Any CPU.Build.0 = Debug|Any CPU
		{B6F59A46-E622-4A72-93C1-99E3182FE860}.Release|Any CPU.ActiveCfg = Release|Any CPU
		{B6F59A46-E622-4A72-93C1-99E3182FE860}.Release|Any CPU.Build.0 = Release|Any CPU
		{95257B6E-E8FE-48CE-97CF-ABEF981BF8F6}.Debug|Any CPU.ActiveCfg = Debug|Any CPU
		{95257B6E-E8FE-48CE-97CF-ABEF981BF8F6}.Debug|Any CPU.Build.0 = Debug|Any CPU
		{95257B6E-E8FE-48CE-97CF-ABEF981BF8F6}.Release|Any CPU.ActiveCfg = Release|Any CPU
		{95257B6E-E8FE-48CE-97CF-ABEF981BF8F6}.Release|Any CPU.Build.0 = Release|Any CPU
	EndGlobalSection
	GlobalSection(SolutionProperties) = preSolution
		HideSolutionNode = FALSE
	EndGlobalSection
	GlobalSection(ExtensibilityGlobals) = postSolution
		SolutionGuid = {F8E05561-76F4-433A-A24A-F9E4DF7CB061}
	EndGlobalSection
EndGlobal
