
Microsoft Visual Studio Solution File, Format Version 12.00
# Visual Studio Version 17
VisualStudioVersion = 17.13.35828.75 d17.13
MinimumVisualStudioVersion = 10.0.40219.1
Project("{FAE04EC0-301F-11D3-BF4B-00C04F79EFBC}") = "WebBookingLibrary", "WebBookingLibrary.csproj", "{60E7B7EC-EBB9-4E4E-B7C0-1B2BA138B172}"
EndProject
Global
	GlobalSection(SolutionConfigurationPlatforms) = preSolution
		Debug|Any CPU = Debug|Any CPU
		Release|Any CPU = Release|Any CPU
	EndGlobalSection
	GlobalSection(ProjectConfigurationPlatforms) = postSolution
		{60E7B7EC-EBB9-4E4E-B7C0-1B2BA138B172}.Debug|Any CPU.ActiveCfg = Debug|Any CPU
		{60E7B7EC-EBB9-4E4E-B7C0-1B2BA138B172}.Debug|Any CPU.Build.0 = Debug|Any CPU
		{60E7B7EC-EBB9-4E4E-B7C0-1B2BA138B172}.Release|Any CPU.ActiveCfg = Release|Any CPU
		{60E7B7EC-EBB9-4E4E-B7C0-1B2BA138B172}.Release|Any CPU.Build.0 = Release|Any CPU
	EndGlobalSection
	GlobalSection(SolutionProperties) = preSolution
		HideSolutionNode = FALSE
	EndGlobalSection
	GlobalSection(ExtensibilityGlobals) = postSolution
		SolutionGuid = {CB042878-C6A4-400D-8507-C1FD9E89E20E}
	EndGlobalSection
EndGlobal
